
Microsoft Visual Studio Solution File, Format Version 12.00
# Visual Studio Version 17
VisualStudioVersion = 17.11.35303.130
MinimumVisualStudioVersion = 10.0.40219.1
Project("{FAE04EC0-301F-11D3-BF4B-00C04F79EFBC}") = "GUI", "GUI\GUI.csproj", "{890C55F7-B1BB-479A-821B-90F7254C8FD7}"
EndProject
Global
	GlobalSection(SolutionConfigurationPlatforms) = preSolution
		Debug|Any CPU = Debug|Any CPU
		Release|Any CPU = Release|Any CPU
	EndGlobalSection
	GlobalSection(ProjectConfigurationPlatforms) = postSolution
		{890C55F7-B1BB-479A-821B-90F7254C8FD7}.Debug|Any CPU.ActiveCfg = Debug|Any CPU
		{890C55F7-B1BB-479A-821B-90F7254C8FD7}.Debug|Any CPU.Build.0 = Debug|Any CPU
		{890C55F7-B1BB-479A-821B-90F7254C8FD7}.Release|Any CPU.ActiveCfg = Release|Any CPU
		{890C55F7-B1BB-479A-821B-90F7254C8FD7}.Release|Any CPU.Build.0 = Release|Any CPU
	EndGlobalSection
	GlobalSection(SolutionProperties) = preSolution
		HideSolutionNode = FALSE
	EndGlobalSection
	GlobalSection(ExtensibilityGlobals) = postSolution
		SolutionGuid = {615DA832-FF0F-4E2C-92BD-055DA8AFA178}
	EndGlobalSection
EndGlobal
